
Microsoft Visual Studio Solution File, Format Version 12.00
# Visual Studio 15
VisualStudioVersion = 15.0.26430.6
MinimumVisualStudioVersion = 10.0.40219.1
Project("{FAE04EC0-301F-11D3-BF4B-00C04F79EFBC}") = "CalcFull", "CalcFull\CalcFull.csproj", "{A516D65C-391A-4456-9F04-3A8A287D10FB}"
EndProject
Project("{FAE04EC0-301F-11D3-BF4B-00C04F79EFBC}") = "Test1", "Test1\Test1.csproj", "{AFDD2463-06E9-4DD3-A106-0D7E0EC9F6DE}"
EndProject
Project("{FAE04EC0-301F-11D3-BF4B-00C04F79EFBC}") = "TestApiCalc", "TestApiCalc\TestApiCalc.csproj", "{28B2E9B2-C252-438F-9194-1D49D2F6762F}"
EndProject
Global
	GlobalSection(SolutionConfigurationPlatforms) = preSolution
		Debug|Any CPU = Debug|Any CPU
		Release|Any CPU = Release|Any CPU
	EndGlobalSection
	GlobalSection(ProjectConfigurationPlatforms) = postSolution
		{A516D65C-391A-4456-9F04-3A8A287D10FB}.Debug|Any CPU.ActiveCfg = Debug|Any CPU
		{A516D65C-391A-4456-9F04-3A8A287D10FB}.Debug|Any CPU.Build.0 = Debug|Any CPU
		{A516D65C-391A-4456-9F04-3A8A287D10FB}.Release|Any CPU.ActiveCfg = Release|Any CPU
		{A516D65C-391A-4456-9F04-3A8A287D10FB}.Release|Any CPU.Build.0 = Release|Any CPU
		{AFDD2463-06E9-4DD3-A106-0D7E0EC9F6DE}.Debug|Any CPU.ActiveCfg = Debug|Any CPU
		{AFDD2463-06E9-4DD3-A106-0D7E0EC9F6DE}.Debug|Any CPU.Build.0 = Debug|Any CPU
		{AFDD2463-06E9-4DD3-A106-0D7E0EC9F6DE}.Release|Any CPU.ActiveCfg = Release|Any CPU
		{AFDD2463-06E9-4DD3-A106-0D7E0EC9F6DE}.Release|Any CPU.Build.0 = Release|Any CPU
		{28B2E9B2-C252-438F-9194-1D49D2F6762F}.Debug|Any CPU.ActiveCfg = Debug|Any CPU
		{28B2E9B2-C252-438F-9194-1D49D2F6762F}.Debug|Any CPU.Build.0 = Debug|Any CPU
		{28B2E9B2-C252-438F-9194-1D49D2F6762F}.Release|Any CPU.ActiveCfg = Release|Any CPU
		{28B2E9B2-C252-438F-9194-1D49D2F6762F}.Release|Any CPU.Build.0 = Release|Any CPU
	EndGlobalSection
	GlobalSection(SolutionProperties) = preSolution
		HideSolutionNode = FALSE
	EndGlobalSection
EndGlobal
